// !$*UTF8*$!
{
	archiveVersion = 1;
	classes = {
	};
	objectVersion = 46;
	objects = {

/* Begin PBXBuildFile section */
		66AE122B1A1F59DD00613EA6 /* main.m in Sources */ = {isa = PBXBuildFile; fileRef = 66AE122A1A1F59DD00613EA6 /* main.m */; };
		66AE122E1A1F59DD00613EA6 /* AppDelegate.m in Sources */ = {isa = PBXBuildFile; fileRef = 66AE122D1A1F59DD00613EA6 /* AppDelegate.m */; };
		66AE12371A1F59DD00613EA6 /* Main.storyboard in Resources */ = {isa = PBXBuildFile; fileRef = 66AE12351A1F59DD00613EA6 /* Main.storyboard */; };
		66AE12391A1F59DD00613EA6 /* Images.xcassets in Resources */ = {isa = PBXBuildFile; fileRef = 66AE12381A1F59DD00613EA6 /* Images.xcassets */; };
		66AE123C1A1F59DD00613EA6 /* LaunchScreen.xib in Resources */ = {isa = PBXBuildFile; fileRef = 66AE123A1A1F59DD00613EA6 /* LaunchScreen.xib */; };
		66AE12481A1F59DD00613EA6 /* RakettoTests.m in Sources */ = {isa = PBXBuildFile; fileRef = 66AE12471A1F59DD00613EA6 /* RakettoTests.m */; };
		66AE12581A1F59EF00613EA6 /* WatchKit.framework in Frameworks */ = {isa = PBXBuildFile; fileRef = 66AE12571A1F59EF00613EA6 /* WatchKit.framework */; };
		66AE125F1A1F59EF00613EA6 /* InterfaceController.m in Sources */ = {isa = PBXBuildFile; fileRef = 66AE125E1A1F59EF00613EA6 /* InterfaceController.m */; };
		66AE12621A1F59EF00613EA6 /* NotificationController.m in Sources */ = {isa = PBXBuildFile; fileRef = 66AE12611A1F59EF00613EA6 /* NotificationController.m */; };
		66AE12641A1F59EF00613EA6 /* Images.xcassets in Resources */ = {isa = PBXBuildFile; fileRef = 66AE12631A1F59EF00613EA6 /* Images.xcassets */; };
		66AE12681A1F59EF00613EA6 /* GameOn Watch App.app in Resources */ = {isa = PBXBuildFile; fileRef = 66AE12671A1F59EF00613EA6 /* GameOn Watch App.app */; };
		66AE126F1A1F59EF00613EA6 /* Interface.storyboard in Resources */ = {isa = PBXBuildFile; fileRef = 66AE126E1A1F59EF00613EA6 /* Interface.storyboard */; };
		66AE12711A1F59EF00613EA6 /* Images.xcassets in Resources */ = {isa = PBXBuildFile; fileRef = 66AE12701A1F59EF00613EA6 /* Images.xcassets */; };
		66AE12741A1F59EF00613EA6 /* GameOn WatchKit Extension.appex in Embed App Extensions */ = {isa = PBXBuildFile; fileRef = 66AE12551A1F59EF00613EA6 /* GameOn WatchKit Extension.appex */; settings = {ATTRIBUTES = (RemoveHeadersOnCopy, ); }; };
		66AE127E1A1F5AAB00613EA6 /* FeedViewController.m in Sources */ = {isa = PBXBuildFile; fileRef = 66AE127D1A1F5AAB00613EA6 /* FeedViewController.m */; };
		66AE12811A1F5AF700613EA6 /* ProfileViewController.m in Sources */ = {isa = PBXBuildFile; fileRef = 66AE12801A1F5AF700613EA6 /* ProfileViewController.m */; };
		66AE12841A1F610C00613EA6 /* WhoAreYouViewController.m in Sources */ = {isa = PBXBuildFile; fileRef = 66AE12831A1F610C00613EA6 /* WhoAreYouViewController.m */; };
		66AE12871A1F62F600613EA6 /* User.m in Sources */ = {isa = PBXBuildFile; fileRef = 66AE12861A1F62F600613EA6 /* User.m */; };
		66AE128A1A1F65AA00613EA6 /* ManageAvatarViewController.m in Sources */ = {isa = PBXBuildFile; fileRef = 66AE12891A1F65AA00613EA6 /* ManageAvatarViewController.m */; };
		66AE12901A1F695C00613EA6 /* TabBarViewController.m in Sources */ = {isa = PBXBuildFile; fileRef = 66AE128F1A1F695C00613EA6 /* TabBarViewController.m */; };
		7A25EF661A1F7A7900B633A1 /* FeedItemTableViewCell.m in Sources */ = {isa = PBXBuildFile; fileRef = 7A25EF651A1F7A7900B633A1 /* FeedItemTableViewCell.m */; };
		7A25EF6E1A1F8CAB00B633A1 /* Game.m in Sources */ = {isa = PBXBuildFile; fileRef = 7A25EF6D1A1F8CAB00B633A1 /* Game.m */; };
		7A291BEE1A2087D600543EF8 /* Match.m in Sources */ = {isa = PBXBuildFile; fileRef = 7A291BED1A2087D600543EF8 /* Match.m */; };
/* End PBXBuildFile section */

/* Begin PBXContainerItemProxy section */
		66AE12421A1F59DD00613EA6 /* PBXContainerItemProxy */ = {
			isa = PBXContainerItemProxy;
			containerPortal = 66AE121D1A1F59DD00613EA6 /* Project object */;
			proxyType = 1;
			remoteGlobalIDString = 66AE12241A1F59DD00613EA6;
			remoteInfo = Raketto;
		};
		66AE12691A1F59EF00613EA6 /* PBXContainerItemProxy */ = {
			isa = PBXContainerItemProxy;
			containerPortal = 66AE121D1A1F59DD00613EA6 /* Project object */;
			proxyType = 1;
			remoteGlobalIDString = 66AE12661A1F59EF00613EA6;
			remoteInfo = "Raketto Watch App";
		};
		66AE12721A1F59EF00613EA6 /* PBXContainerItemProxy */ = {
			isa = PBXContainerItemProxy;
			containerPortal = 66AE121D1A1F59DD00613EA6 /* Project object */;
			proxyType = 1;
			remoteGlobalIDString = 66AE12541A1F59EF00613EA6;
			remoteInfo = "Raketto WatchKit Extension";
		};
/* End PBXContainerItemProxy section */

/* Begin PBXCopyFilesBuildPhase section */
		66AE127B1A1F59EF00613EA6 /* Embed App Extensions */ = {
			isa = PBXCopyFilesBuildPhase;
			buildActionMask = 2147483647;
			dstPath = "";
			dstSubfolderSpec = 13;
			files = (
				66AE12741A1F59EF00613EA6 /* GameOn WatchKit Extension.appex in Embed App Extensions */,
			);
			name = "Embed App Extensions";
			runOnlyForDeploymentPostprocessing = 0;
		};
/* End PBXCopyFilesBuildPhase section */

/* Begin PBXFileReference section */
		66AE12251A1F59DD00613EA6 /* GameOn.app */ = {isa = PBXFileReference; explicitFileType = wrapper.application; includeInIndex = 0; path = GameOn.app; sourceTree = BUILT_PRODUCTS_DIR; };
		66AE12291A1F59DD00613EA6 /* Info.plist */ = {isa = PBXFileReference; lastKnownFileType = text.plist.xml; path = Info.plist; sourceTree = "<group>"; };
		66AE122A1A1F59DD00613EA6 /* main.m */ = {isa = PBXFileReference; lastKnownFileType = sourcecode.c.objc; path = main.m; sourceTree = "<group>"; };
		66AE122C1A1F59DD00613EA6 /* AppDelegate.h */ = {isa = PBXFileReference; lastKnownFileType = sourcecode.c.h; path = AppDelegate.h; sourceTree = "<group>"; };
		66AE122D1A1F59DD00613EA6 /* AppDelegate.m */ = {isa = PBXFileReference; lastKnownFileType = sourcecode.c.objc; path = AppDelegate.m; sourceTree = "<group>"; };
		66AE12361A1F59DD00613EA6 /* Base */ = {isa = PBXFileReference; lastKnownFileType = file.storyboard; name = Base; path = Base.lproj/Main.storyboard; sourceTree = "<group>"; };
		66AE12381A1F59DD00613EA6 /* Images.xcassets */ = {isa = PBXFileReference; lastKnownFileType = folder.assetcatalog; path = Images.xcassets; sourceTree = "<group>"; };
		66AE123B1A1F59DD00613EA6 /* Base */ = {isa = PBXFileReference; lastKnownFileType = file.xib; name = Base; path = Base.lproj/LaunchScreen.xib; sourceTree = "<group>"; };
		66AE12411A1F59DD00613EA6 /* RakettoTests.xctest */ = {isa = PBXFileReference; explicitFileType = wrapper.cfbundle; includeInIndex = 0; path = RakettoTests.xctest; sourceTree = BUILT_PRODUCTS_DIR; };
		66AE12461A1F59DD00613EA6 /* Info.plist */ = {isa = PBXFileReference; lastKnownFileType = text.plist.xml; path = Info.plist; sourceTree = "<group>"; };
		66AE12471A1F59DD00613EA6 /* RakettoTests.m */ = {isa = PBXFileReference; lastKnownFileType = sourcecode.c.objc; path = RakettoTests.m; sourceTree = "<group>"; };
		66AE12551A1F59EF00613EA6 /* GameOn WatchKit Extension.appex */ = {isa = PBXFileReference; explicitFileType = "wrapper.app-extension"; includeInIndex = 0; path = "GameOn WatchKit Extension.appex"; sourceTree = BUILT_PRODUCTS_DIR; };
		66AE12571A1F59EF00613EA6 /* WatchKit.framework */ = {isa = PBXFileReference; lastKnownFileType = wrapper.framework; name = WatchKit.framework; path = System/Library/Frameworks/WatchKit.framework; sourceTree = SDKROOT; };
		66AE125B1A1F59EF00613EA6 /* Info.plist */ = {isa = PBXFileReference; lastKnownFileType = text.plist.xml; path = Info.plist; sourceTree = "<group>"; };
		66AE125C1A1F59EF00613EA6 /* PushNotificationPayload.json */ = {isa = PBXFileReference; lastKnownFileType = text.json; path = PushNotificationPayload.json; sourceTree = "<group>"; };
		66AE125D1A1F59EF00613EA6 /* InterfaceController.h */ = {isa = PBXFileReference; lastKnownFileType = sourcecode.c.h; path = InterfaceController.h; sourceTree = "<group>"; };
		66AE125E1A1F59EF00613EA6 /* InterfaceController.m */ = {isa = PBXFileReference; lastKnownFileType = sourcecode.c.objc; path = InterfaceController.m; sourceTree = "<group>"; };
		66AE12601A1F59EF00613EA6 /* NotificationController.h */ = {isa = PBXFileReference; lastKnownFileType = sourcecode.c.h; path = NotificationController.h; sourceTree = "<group>"; };
		66AE12611A1F59EF00613EA6 /* NotificationController.m */ = {isa = PBXFileReference; lastKnownFileType = sourcecode.c.objc; path = NotificationController.m; sourceTree = "<group>"; };
		66AE12631A1F59EF00613EA6 /* Images.xcassets */ = {isa = PBXFileReference; lastKnownFileType = folder.assetcatalog; path = Images.xcassets; sourceTree = "<group>"; };
		66AE12671A1F59EF00613EA6 /* GameOn Watch App.app */ = {isa = PBXFileReference; explicitFileType = wrapper.application; includeInIndex = 0; path = "GameOn Watch App.app"; sourceTree = BUILT_PRODUCTS_DIR; };
		66AE126D1A1F59EF00613EA6 /* Info.plist */ = {isa = PBXFileReference; lastKnownFileType = text.plist.xml; path = Info.plist; sourceTree = "<group>"; };
		66AE126E1A1F59EF00613EA6 /* Interface.storyboard */ = {isa = PBXFileReference; lastKnownFileType = file.storyboard; path = Interface.storyboard; sourceTree = "<group>"; };
		66AE12701A1F59EF00613EA6 /* Images.xcassets */ = {isa = PBXFileReference; lastKnownFileType = folder.assetcatalog; path = Images.xcassets; sourceTree = "<group>"; };
		66AE127C1A1F5AAB00613EA6 /* FeedViewController.h */ = {isa = PBXFileReference; fileEncoding = 4; lastKnownFileType = sourcecode.c.h; path = FeedViewController.h; sourceTree = "<group>"; };
		66AE127D1A1F5AAB00613EA6 /* FeedViewController.m */ = {isa = PBXFileReference; fileEncoding = 4; lastKnownFileType = sourcecode.c.objc; path = FeedViewController.m; sourceTree = "<group>"; };
		66AE127F1A1F5AF700613EA6 /* ProfileViewController.h */ = {isa = PBXFileReference; fileEncoding = 4; lastKnownFileType = sourcecode.c.h; path = ProfileViewController.h; sourceTree = "<group>"; };
		66AE12801A1F5AF700613EA6 /* ProfileViewController.m */ = {isa = PBXFileReference; fileEncoding = 4; lastKnownFileType = sourcecode.c.objc; path = ProfileViewController.m; sourceTree = "<group>"; };
		66AE12821A1F610C00613EA6 /* WhoAreYouViewController.h */ = {isa = PBXFileReference; fileEncoding = 4; lastKnownFileType = sourcecode.c.h; path = WhoAreYouViewController.h; sourceTree = "<group>"; };
		66AE12831A1F610C00613EA6 /* WhoAreYouViewController.m */ = {isa = PBXFileReference; fileEncoding = 4; lastKnownFileType = sourcecode.c.objc; path = WhoAreYouViewController.m; sourceTree = "<group>"; };
		66AE12851A1F62F600613EA6 /* User.h */ = {isa = PBXFileReference; fileEncoding = 4; lastKnownFileType = sourcecode.c.h; path = User.h; sourceTree = "<group>"; };
		66AE12861A1F62F600613EA6 /* User.m */ = {isa = PBXFileReference; fileEncoding = 4; lastKnownFileType = sourcecode.c.objc; path = User.m; sourceTree = "<group>"; };
		66AE12881A1F65AA00613EA6 /* ManageAvatarViewController.h */ = {isa = PBXFileReference; fileEncoding = 4; lastKnownFileType = sourcecode.c.h; path = ManageAvatarViewController.h; sourceTree = "<group>"; };
		66AE12891A1F65AA00613EA6 /* ManageAvatarViewController.m */ = {isa = PBXFileReference; fileEncoding = 4; lastKnownFileType = sourcecode.c.objc; path = ManageAvatarViewController.m; sourceTree = "<group>"; };
		66AE128E1A1F695C00613EA6 /* TabBarViewController.h */ = {isa = PBXFileReference; fileEncoding = 4; lastKnownFileType = sourcecode.c.h; path = TabBarViewController.h; sourceTree = "<group>"; };
		66AE128F1A1F695C00613EA6 /* TabBarViewController.m */ = {isa = PBXFileReference; fileEncoding = 4; lastKnownFileType = sourcecode.c.objc; path = TabBarViewController.m; sourceTree = "<group>"; };
		66AE12911A1FB1AB00613EA6 /* GameOn.entitlements */ = {isa = PBXFileReference; lastKnownFileType = text.xml; path = GameOn.entitlements; sourceTree = "<group>"; };
		66AE12921A1FB1EA00613EA6 /* GameOn WatchKit Extension.entitlements */ = {isa = PBXFileReference; lastKnownFileType = text.xml; path = "GameOn WatchKit Extension.entitlements"; sourceTree = "<group>"; };
		7A25EF641A1F7A7900B633A1 /* FeedItemTableViewCell.h */ = {isa = PBXFileReference; fileEncoding = 4; lastKnownFileType = sourcecode.c.h; path = FeedItemTableViewCell.h; sourceTree = "<group>"; };
		7A25EF651A1F7A7900B633A1 /* FeedItemTableViewCell.m */ = {isa = PBXFileReference; fileEncoding = 4; lastKnownFileType = sourcecode.c.objc; path = FeedItemTableViewCell.m; sourceTree = "<group>"; };
		7A25EF6C1A1F8CAB00B633A1 /* Game.h */ = {isa = PBXFileReference; fileEncoding = 4; lastKnownFileType = sourcecode.c.h; path = Game.h; sourceTree = "<group>"; };
		7A25EF6D1A1F8CAB00B633A1 /* Game.m */ = {isa = PBXFileReference; fileEncoding = 4; lastKnownFileType = sourcecode.c.objc; path = Game.m; sourceTree = "<group>"; };
		7A291BEC1A2087D600543EF8 /* Match.h */ = {isa = PBXFileReference; fileEncoding = 4; lastKnownFileType = sourcecode.c.h; path = Match.h; sourceTree = "<group>"; };
		7A291BED1A2087D600543EF8 /* Match.m */ = {isa = PBXFileReference; fileEncoding = 4; lastKnownFileType = sourcecode.c.objc; path = Match.m; sourceTree = "<group>"; };
/* End PBXFileReference section */

/* Begin PBXFrameworksBuildPhase section */
		66AE12221A1F59DD00613EA6 /* Frameworks */ = {
			isa = PBXFrameworksBuildPhase;
			buildActionMask = 2147483647;
			files = (
			);
			runOnlyForDeploymentPostprocessing = 0;
		};
		66AE123E1A1F59DD00613EA6 /* Frameworks */ = {
			isa = PBXFrameworksBuildPhase;
			buildActionMask = 2147483647;
			files = (
			);
			runOnlyForDeploymentPostprocessing = 0;
		};
		66AE12521A1F59EF00613EA6 /* Frameworks */ = {
			isa = PBXFrameworksBuildPhase;
			buildActionMask = 2147483647;
			files = (
				66AE12581A1F59EF00613EA6 /* WatchKit.framework in Frameworks */,
			);
			runOnlyForDeploymentPostprocessing = 0;
		};
/* End PBXFrameworksBuildPhase section */

/* Begin PBXGroup section */
		66AE121C1A1F59DD00613EA6 = {
			isa = PBXGroup;
			children = (
				66AE12921A1FB1EA00613EA6 /* GameOn WatchKit Extension.entitlements */,
				66AE12911A1FB1AB00613EA6 /* GameOn.entitlements */,
				7A25EF681A1F88C500B633A1 /* controllers */,
				7A25EF671A1F88BE00B633A1 /* models */,
				7A25EF641A1F7A7900B633A1 /* FeedItemTableViewCell.h */,
				7A25EF651A1F7A7900B633A1 /* FeedItemTableViewCell.m */,
				66AE128E1A1F695C00613EA6 /* TabBarViewController.h */,
				66AE128F1A1F695C00613EA6 /* TabBarViewController.m */,
				66AE12881A1F65AA00613EA6 /* ManageAvatarViewController.h */,
				66AE12891A1F65AA00613EA6 /* ManageAvatarViewController.m */,
				66AE12821A1F610C00613EA6 /* WhoAreYouViewController.h */,
				66AE12831A1F610C00613EA6 /* WhoAreYouViewController.m */,
				66AE127F1A1F5AF700613EA6 /* ProfileViewController.h */,
				66AE12801A1F5AF700613EA6 /* ProfileViewController.m */,
				66AE127C1A1F5AAB00613EA6 /* FeedViewController.h */,
				66AE127D1A1F5AAB00613EA6 /* FeedViewController.m */,
				66AE12271A1F59DD00613EA6 /* Raketto */,
				66AE12441A1F59DD00613EA6 /* RakettoTests */,
				66AE12591A1F59EF00613EA6 /* Raketto WatchKit Extension */,
				66AE126B1A1F59EF00613EA6 /* Raketto Watch App */,
				66AE12561A1F59EF00613EA6 /* Frameworks */,
				66AE12261A1F59DD00613EA6 /* Products */,
			);
			sourceTree = "<group>";
		};
		66AE12261A1F59DD00613EA6 /* Products */ = {
			isa = PBXGroup;
			children = (
				66AE12251A1F59DD00613EA6 /* GameOn.app */,
				66AE12411A1F59DD00613EA6 /* RakettoTests.xctest */,
				66AE12551A1F59EF00613EA6 /* GameOn WatchKit Extension.appex */,
				66AE12671A1F59EF00613EA6 /* GameOn Watch App.app */,
			);
			name = Products;
			sourceTree = "<group>";
		};
		66AE12271A1F59DD00613EA6 /* Raketto */ = {
			isa = PBXGroup;
			children = (
				66AE122C1A1F59DD00613EA6 /* AppDelegate.h */,
				66AE122D1A1F59DD00613EA6 /* AppDelegate.m */,
				66AE12351A1F59DD00613EA6 /* Main.storyboard */,
				66AE12381A1F59DD00613EA6 /* Images.xcassets */,
				66AE123A1A1F59DD00613EA6 /* LaunchScreen.xib */,
				66AE12281A1F59DD00613EA6 /* Supporting Files */,
			);
			path = Raketto;
			sourceTree = "<group>";
		};
		66AE12281A1F59DD00613EA6 /* Supporting Files */ = {
			isa = PBXGroup;
			children = (
				66AE12291A1F59DD00613EA6 /* Info.plist */,
				66AE122A1A1F59DD00613EA6 /* main.m */,
			);
			name = "Supporting Files";
			sourceTree = "<group>";
		};
		66AE12441A1F59DD00613EA6 /* RakettoTests */ = {
			isa = PBXGroup;
			children = (
				66AE12471A1F59DD00613EA6 /* RakettoTests.m */,
				66AE12451A1F59DD00613EA6 /* Supporting Files */,
			);
			path = RakettoTests;
			sourceTree = "<group>";
		};
		66AE12451A1F59DD00613EA6 /* Supporting Files */ = {
			isa = PBXGroup;
			children = (
				66AE12461A1F59DD00613EA6 /* Info.plist */,
			);
			name = "Supporting Files";
			sourceTree = "<group>";
		};
		66AE12561A1F59EF00613EA6 /* Frameworks */ = {
			isa = PBXGroup;
			children = (
				66AE12571A1F59EF00613EA6 /* WatchKit.framework */,
			);
			name = Frameworks;
			sourceTree = "<group>";
		};
		66AE12591A1F59EF00613EA6 /* Raketto WatchKit Extension */ = {
			isa = PBXGroup;
			children = (
				66AE125D1A1F59EF00613EA6 /* InterfaceController.h */,
				66AE125E1A1F59EF00613EA6 /* InterfaceController.m */,
				66AE12601A1F59EF00613EA6 /* NotificationController.h */,
				66AE12611A1F59EF00613EA6 /* NotificationController.m */,
				66AE12631A1F59EF00613EA6 /* Images.xcassets */,
				66AE125A1A1F59EF00613EA6 /* Supporting Files */,
			);
			path = "Raketto WatchKit Extension";
			sourceTree = "<group>";
		};
		66AE125A1A1F59EF00613EA6 /* Supporting Files */ = {
			isa = PBXGroup;
			children = (
				66AE125B1A1F59EF00613EA6 /* Info.plist */,
				66AE125C1A1F59EF00613EA6 /* PushNotificationPayload.json */,
			);
			name = "Supporting Files";
			sourceTree = "<group>";
		};
		66AE126B1A1F59EF00613EA6 /* Raketto Watch App */ = {
			isa = PBXGroup;
			children = (
				66AE126E1A1F59EF00613EA6 /* Interface.storyboard */,
				66AE12701A1F59EF00613EA6 /* Images.xcassets */,
				66AE126C1A1F59EF00613EA6 /* Supporting Files */,
			);
			path = "Raketto Watch App";
			sourceTree = "<group>";
		};
		66AE126C1A1F59EF00613EA6 /* Supporting Files */ = {
			isa = PBXGroup;
			children = (
				66AE126D1A1F59EF00613EA6 /* Info.plist */,
			);
			name = "Supporting Files";
			sourceTree = "<group>";
		};
		7A25EF671A1F88BE00B633A1 /* models */ = {
			isa = PBXGroup;
			children = (
				66AE12851A1F62F600613EA6 /* User.h */,
				66AE12861A1F62F600613EA6 /* User.m */,
				7A25EF6C1A1F8CAB00B633A1 /* Game.h */,
				7A25EF6D1A1F8CAB00B633A1 /* Game.m */,
				7A291BEC1A2087D600543EF8 /* Match.h */,
				7A291BED1A2087D600543EF8 /* Match.m */,
			);
			name = models;
			sourceTree = "<group>";
		};
		7A25EF681A1F88C500B633A1 /* controllers */ = {
			isa = PBXGroup;
			children = (
			);
			name = controllers;
			sourceTree = "<group>";
		};
/* End PBXGroup section */

/* Begin PBXNativeTarget section */
		66AE12241A1F59DD00613EA6 /* GameOn */ = {
			isa = PBXNativeTarget;
			buildConfigurationList = 66AE124B1A1F59DD00613EA6 /* Build configuration list for PBXNativeTarget "GameOn" */;
			buildPhases = (
				66AE12211A1F59DD00613EA6 /* Sources */,
				66AE12221A1F59DD00613EA6 /* Frameworks */,
				66AE12231A1F59DD00613EA6 /* Resources */,
				66AE127B1A1F59EF00613EA6 /* Embed App Extensions */,
			);
			buildRules = (
			);
			dependencies = (
				66AE12731A1F59EF00613EA6 /* PBXTargetDependency */,
			);
			name = GameOn;
			productName = Raketto;
			productReference = 66AE12251A1F59DD00613EA6 /* GameOn.app */;
			productType = "com.apple.product-type.application";
		};
		66AE12401A1F59DD00613EA6 /* RakettoTests */ = {
			isa = PBXNativeTarget;
			buildConfigurationList = 66AE124E1A1F59DD00613EA6 /* Build configuration list for PBXNativeTarget "RakettoTests" */;
			buildPhases = (
				66AE123D1A1F59DD00613EA6 /* Sources */,
				66AE123E1A1F59DD00613EA6 /* Frameworks */,
				66AE123F1A1F59DD00613EA6 /* Resources */,
			);
			buildRules = (
			);
			dependencies = (
				66AE12431A1F59DD00613EA6 /* PBXTargetDependency */,
			);
			name = RakettoTests;
			productName = RakettoTests;
			productReference = 66AE12411A1F59DD00613EA6 /* RakettoTests.xctest */;
			productType = "com.apple.product-type.bundle.unit-test";
		};
		66AE12541A1F59EF00613EA6 /* GameOn WatchKit Extension */ = {
			isa = PBXNativeTarget;
			buildConfigurationList = 66AE12781A1F59EF00613EA6 /* Build configuration list for PBXNativeTarget "GameOn WatchKit Extension" */;
			buildPhases = (
				66AE12511A1F59EF00613EA6 /* Sources */,
				66AE12521A1F59EF00613EA6 /* Frameworks */,
				66AE12531A1F59EF00613EA6 /* Resources */,
			);
			buildRules = (
			);
			dependencies = (
				66AE126A1A1F59EF00613EA6 /* PBXTargetDependency */,
			);
			name = "GameOn WatchKit Extension";
			productName = "Raketto WatchKit Extension";
			productReference = 66AE12551A1F59EF00613EA6 /* GameOn WatchKit Extension.appex */;
			productType = "com.apple.product-type.watchkit-extension";
		};
		66AE12661A1F59EF00613EA6 /* GameOn Watch App */ = {
			isa = PBXNativeTarget;
			buildConfigurationList = 66AE12751A1F59EF00613EA6 /* Build configuration list for PBXNativeTarget "GameOn Watch App" */;
			buildPhases = (
				66AE12651A1F59EF00613EA6 /* Resources */,
			);
			buildRules = (
			);
			dependencies = (
			);
			name = "GameOn Watch App";
			productName = "Raketto Watch App";
			productReference = 66AE12671A1F59EF00613EA6 /* GameOn Watch App.app */;
			productType = "com.apple.product-type.application.watchapp";
		};
/* End PBXNativeTarget section */

/* Begin PBXProject section */
		66AE121D1A1F59DD00613EA6 /* Project object */ = {
			isa = PBXProject;
			attributes = {
				LastUpgradeCheck = 0620;
				ORGANIZATIONNAME = "Team Awesome";
				TargetAttributes = {
					66AE12241A1F59DD00613EA6 = {
						CreatedOnToolsVersion = 6.2;
						DevelopmentTeam = MN774DNFG9;
						SystemCapabilities = {
							com.apple.ApplicationGroups.iOS = {
								enabled = 1;
							};
						};
					};
					66AE12401A1F59DD00613EA6 = {
						CreatedOnToolsVersion = 6.2;
						TestTargetID = 66AE12241A1F59DD00613EA6;
					};
					66AE12541A1F59EF00613EA6 = {
						CreatedOnToolsVersion = 6.2;
						DevelopmentTeam = MN774DNFG9;
						SystemCapabilities = {
							com.apple.ApplicationGroups.iOS = {
								enabled = 1;
							};
						};
					};
					66AE12661A1F59EF00613EA6 = {
						CreatedOnToolsVersion = 6.2;
					};
				};
			};
			buildConfigurationList = 66AE12201A1F59DD00613EA6 /* Build configuration list for PBXProject "Raketto" */;
			compatibilityVersion = "Xcode 3.2";
			developmentRegion = English;
			hasScannedForEncodings = 0;
			knownRegions = (
				en,
				Base,
			);
			mainGroup = 66AE121C1A1F59DD00613EA6;
			productRefGroup = 66AE12261A1F59DD00613EA6 /* Products */;
			projectDirPath = "";
			projectRoot = "";
			targets = (
				66AE12241A1F59DD00613EA6 /* GameOn */,
				66AE12401A1F59DD00613EA6 /* RakettoTests */,
				66AE12541A1F59EF00613EA6 /* GameOn WatchKit Extension */,
				66AE12661A1F59EF00613EA6 /* GameOn Watch App */,
			);
		};
/* End PBXProject section */

/* Begin PBXResourcesBuildPhase section */
		66AE12231A1F59DD00613EA6 /* Resources */ = {
			isa = PBXResourcesBuildPhase;
			buildActionMask = 2147483647;
			files = (
				66AE12371A1F59DD00613EA6 /* Main.storyboard in Resources */,
				66AE123C1A1F59DD00613EA6 /* LaunchScreen.xib in Resources */,
				66AE12391A1F59DD00613EA6 /* Images.xcassets in Resources */,
			);
			runOnlyForDeploymentPostprocessing = 0;
		};
		66AE123F1A1F59DD00613EA6 /* Resources */ = {
			isa = PBXResourcesBuildPhase;
			buildActionMask = 2147483647;
			files = (
			);
			runOnlyForDeploymentPostprocessing = 0;
		};
		66AE12531A1F59EF00613EA6 /* Resources */ = {
			isa = PBXResourcesBuildPhase;
			buildActionMask = 2147483647;
			files = (
				66AE12681A1F59EF00613EA6 /* GameOn Watch App.app in Resources */,
				66AE12641A1F59EF00613EA6 /* Images.xcassets in Resources */,
			);
			runOnlyForDeploymentPostprocessing = 0;
		};
		66AE12651A1F59EF00613EA6 /* Resources */ = {
			isa = PBXResourcesBuildPhase;
			buildActionMask = 2147483647;
			files = (
				66AE126F1A1F59EF00613EA6 /* Interface.storyboard in Resources */,
				66AE12711A1F59EF00613EA6 /* Images.xcassets in Resources */,
			);
			runOnlyForDeploymentPostprocessing = 0;
		};
/* End PBXResourcesBuildPhase section */

/* Begin PBXSourcesBuildPhase section */
		66AE12211A1F59DD00613EA6 /* Sources */ = {
			isa = PBXSourcesBuildPhase;
			buildActionMask = 2147483647;
			files = (
				66AE122E1A1F59DD00613EA6 /* AppDelegate.m in Sources */,
				7A291BEE1A2087D600543EF8 /* Match.m in Sources */,
				66AE127E1A1F5AAB00613EA6 /* FeedViewController.m in Sources */,
				66AE128A1A1F65AA00613EA6 /* ManageAvatarViewController.m in Sources */,
				66AE12871A1F62F600613EA6 /* User.m in Sources */,
				66AE12901A1F695C00613EA6 /* TabBarViewController.m in Sources */,
				7A25EF6E1A1F8CAB00B633A1 /* Game.m in Sources */,
				66AE12841A1F610C00613EA6 /* WhoAreYouViewController.m in Sources */,
				7A25EF661A1F7A7900B633A1 /* FeedItemTableViewCell.m in Sources */,
				66AE12811A1F5AF700613EA6 /* ProfileViewController.m in Sources */,
				66AE122B1A1F59DD00613EA6 /* main.m in Sources */,
			);
			runOnlyForDeploymentPostprocessing = 0;
		};
		66AE123D1A1F59DD00613EA6 /* Sources */ = {
			isa = PBXSourcesBuildPhase;
			buildActionMask = 2147483647;
			files = (
				66AE12481A1F59DD00613EA6 /* RakettoTests.m in Sources */,
			);
			runOnlyForDeploymentPostprocessing = 0;
		};
		66AE12511A1F59EF00613EA6 /* Sources */ = {
			isa = PBXSourcesBuildPhase;
			buildActionMask = 2147483647;
			files = (
				66AE12621A1F59EF00613EA6 /* NotificationController.m in Sources */,
				66AE125F1A1F59EF00613EA6 /* InterfaceController.m in Sources */,
			);
			runOnlyForDeploymentPostprocessing = 0;
		};
/* End PBXSourcesBuildPhase section */

/* Begin PBXTargetDependency section */
		66AE12431A1F59DD00613EA6 /* PBXTargetDependency */ = {
			isa = PBXTargetDependency;
			target = 66AE12241A1F59DD00613EA6 /* GameOn */;
			targetProxy = 66AE12421A1F59DD00613EA6 /* PBXContainerItemProxy */;
		};
		66AE126A1A1F59EF00613EA6 /* PBXTargetDependency */ = {
			isa = PBXTargetDependency;
			target = 66AE12661A1F59EF00613EA6 /* GameOn Watch App */;
			targetProxy = 66AE12691A1F59EF00613EA6 /* PBXContainerItemProxy */;
		};
		66AE12731A1F59EF00613EA6 /* PBXTargetDependency */ = {
			isa = PBXTargetDependency;
			target = 66AE12541A1F59EF00613EA6 /* GameOn WatchKit Extension */;
			targetProxy = 66AE12721A1F59EF00613EA6 /* PBXContainerItemProxy */;
		};
/* End PBXTargetDependency section */

/* Begin PBXVariantGroup section */
		66AE12351A1F59DD00613EA6 /* Main.storyboard */ = {
			isa = PBXVariantGroup;
			children = (
				66AE12361A1F59DD00613EA6 /* Base */,
			);
			name = Main.storyboard;
			sourceTree = "<group>";
		};
		66AE123A1A1F59DD00613EA6 /* LaunchScreen.xib */ = {
			isa = PBXVariantGroup;
			children = (
				66AE123B1A1F59DD00613EA6 /* Base */,
			);
			name = LaunchScreen.xib;
			sourceTree = "<group>";
		};
/* End PBXVariantGroup section */

/* Begin XCBuildConfiguration section */
		66AE12491A1F59DD00613EA6 /* Debug */ = {
			isa = XCBuildConfiguration;
			buildSettings = {
				ALWAYS_SEARCH_USER_PATHS = NO;
				CLANG_CXX_LANGUAGE_STANDARD = "gnu++0x";
				CLANG_CXX_LIBRARY = "libc++";
				CLANG_ENABLE_MODULES = YES;
				CLANG_ENABLE_OBJC_ARC = YES;
				CLANG_WARN_BOOL_CONVERSION = YES;
				CLANG_WARN_CONSTANT_CONVERSION = YES;
				CLANG_WARN_DIRECT_OBJC_ISA_USAGE = YES_ERROR;
				CLANG_WARN_EMPTY_BODY = YES;
				CLANG_WARN_ENUM_CONVERSION = YES;
				CLANG_WARN_INT_CONVERSION = YES;
				CLANG_WARN_OBJC_ROOT_CLASS = YES_ERROR;
				CLANG_WARN_UNREACHABLE_CODE = YES;
				CLANG_WARN__DUPLICATE_METHOD_MATCH = YES;
				"CODE_SIGN_IDENTITY[sdk=iphoneos*]" = "iPhone Developer";
				COPY_PHASE_STRIP = NO;
				ENABLE_STRICT_OBJC_MSGSEND = YES;
				GCC_C_LANGUAGE_STANDARD = gnu99;
				GCC_DYNAMIC_NO_PIC = NO;
				GCC_OPTIMIZATION_LEVEL = 0;
				GCC_PREPROCESSOR_DEFINITIONS = (
					"DEBUG=1",
					"$(inherited)",
				);
				GCC_SYMBOLS_PRIVATE_EXTERN = NO;
				GCC_WARN_64_TO_32_BIT_CONVERSION = YES;
				GCC_WARN_ABOUT_RETURN_TYPE = YES_ERROR;
				GCC_WARN_UNDECLARED_SELECTOR = YES;
				GCC_WARN_UNINITIALIZED_AUTOS = YES_AGGRESSIVE;
				GCC_WARN_UNUSED_FUNCTION = YES;
				GCC_WARN_UNUSED_VARIABLE = YES;
				IPHONEOS_DEPLOYMENT_TARGET = 8.2;
				MTL_ENABLE_DEBUG_INFO = YES;
				ONLY_ACTIVE_ARCH = YES;
				SDKROOT = iphoneos;
			};
			name = Debug;
		};
		66AE124A1A1F59DD00613EA6 /* Release */ = {
			isa = XCBuildConfiguration;
			buildSettings = {
				ALWAYS_SEARCH_USER_PATHS = NO;
				CLANG_CXX_LANGUAGE_STANDARD = "gnu++0x";
				CLANG_CXX_LIBRARY = "libc++";
				CLANG_ENABLE_MODULES = YES;
				CLANG_ENABLE_OBJC_ARC = YES;
				CLANG_WARN_BOOL_CONVERSION = YES;
				CLANG_WARN_CONSTANT_CONVERSION = YES;
				CLANG_WARN_DIRECT_OBJC_ISA_USAGE = YES_ERROR;
				CLANG_WARN_EMPTY_BODY = YES;
				CLANG_WARN_ENUM_CONVERSION = YES;
				CLANG_WARN_INT_CONVERSION = YES;
				CLANG_WARN_OBJC_ROOT_CLASS = YES_ERROR;
				CLANG_WARN_UNREACHABLE_CODE = YES;
				CLANG_WARN__DUPLICATE_METHOD_MATCH = YES;
				"CODE_SIGN_IDENTITY[sdk=iphoneos*]" = "iPhone Developer";
				COPY_PHASE_STRIP = YES;
				ENABLE_NS_ASSERTIONS = NO;
				ENABLE_STRICT_OBJC_MSGSEND = YES;
				GCC_C_LANGUAGE_STANDARD = gnu99;
				GCC_WARN_64_TO_32_BIT_CONVERSION = YES;
				GCC_WARN_ABOUT_RETURN_TYPE = YES_ERROR;
				GCC_WARN_UNDECLARED_SELECTOR = YES;
				GCC_WARN_UNINITIALIZED_AUTOS = YES_AGGRESSIVE;
				GCC_WARN_UNUSED_FUNCTION = YES;
				GCC_WARN_UNUSED_VARIABLE = YES;
				IPHONEOS_DEPLOYMENT_TARGET = 8.2;
				MTL_ENABLE_DEBUG_INFO = NO;
				SDKROOT = iphoneos;
				VALIDATE_PRODUCT = YES;
			};
			name = Release;
		};
		66AE124C1A1F59DD00613EA6 /* Debug */ = {
			isa = XCBuildConfiguration;
			buildSettings = {
				ASSETCATALOG_COMPILER_APPICON_NAME = AppIcon;
				CODE_SIGN_ENTITLEMENTS = GameOn.entitlements;
				CODE_SIGN_IDENTITY = "iPhone Developer";
				"CODE_SIGN_IDENTITY[sdk=iphoneos*]" = "iPhone Developer";
				INFOPLIST_FILE = Raketto/Info.plist;
				LD_RUNPATH_SEARCH_PATHS = "$(inherited) @executable_path/Frameworks";
				PRODUCT_NAME = "$(TARGET_NAME)";
				PROVISIONING_PROFILE = "";
			};
			name = Debug;
		};
		66AE124D1A1F59DD00613EA6 /* Release */ = {
			isa = XCBuildConfiguration;
			buildSettings = {
				ASSETCATALOG_COMPILER_APPICON_NAME = AppIcon;
				CODE_SIGN_ENTITLEMENTS = GameOn.entitlements;
				CODE_SIGN_IDENTITY = "iPhone Developer";
				"CODE_SIGN_IDENTITY[sdk=iphoneos*]" = "iPhone Developer";
				INFOPLIST_FILE = Raketto/Info.plist;
				LD_RUNPATH_SEARCH_PATHS = "$(inherited) @executable_path/Frameworks";
				PRODUCT_NAME = "$(TARGET_NAME)";
				PROVISIONING_PROFILE = "";
			};
			name = Release;
		};
		66AE124F1A1F59DD00613EA6 /* Debug */ = {
			isa = XCBuildConfiguration;
			buildSettings = {
				BUNDLE_LOADER = "$(TEST_HOST)";
				FRAMEWORK_SEARCH_PATHS = (
					"$(SDKROOT)/Developer/Library/Frameworks",
					"$(inherited)",
				);
				GCC_PREPROCESSOR_DEFINITIONS = (
					"DEBUG=1",
					"$(inherited)",
				);
				INFOPLIST_FILE = RakettoTests/Info.plist;
				LD_RUNPATH_SEARCH_PATHS = "$(inherited) @executable_path/Frameworks @loader_path/Frameworks";
				PRODUCT_NAME = "$(TARGET_NAME)";
				TEST_HOST = "$(BUILT_PRODUCTS_DIR)/Raketto.app/Raketto";
			};
			name = Debug;
		};
		66AE12501A1F59DD00613EA6 /* Release */ = {
			isa = XCBuildConfiguration;
			buildSettings = {
				BUNDLE_LOADER = "$(TEST_HOST)";
				FRAMEWORK_SEARCH_PATHS = (
					"$(SDKROOT)/Developer/Library/Frameworks",
					"$(inherited)",
				);
				INFOPLIST_FILE = RakettoTests/Info.plist;
				LD_RUNPATH_SEARCH_PATHS = "$(inherited) @executable_path/Frameworks @loader_path/Frameworks";
				PRODUCT_NAME = "$(TARGET_NAME)";
				TEST_HOST = "$(BUILT_PRODUCTS_DIR)/Raketto.app/Raketto";
			};
			name = Release;
		};
		66AE12761A1F59EF00613EA6 /* Debug */ = {
			isa = XCBuildConfiguration;
			buildSettings = {
				ASSETCATALOG_COMPILER_APPICON_NAME = AppIcon;
				ASSETCATALOG_COMPILER_LAUNCHIMAGE_NAME = LaunchImage;
				GCC_PREPROCESSOR_DEFINITIONS = (
					"DEBUG=1",
					"$(inherited)",
				);
				IBSC_MODULE = Raketto_WatchKit_Extension;
				INFOPLIST_FILE = "Raketto Watch App/Info.plist";
				IPHONEOS_DEPLOYMENT_TARGET = 8.0;
				PRODUCT_NAME = "$(TARGET_NAME)";
				SKIP_INSTALL = YES;
				TARGETED_DEVICE_FAMILY = 4;
				"TARGETED_DEVICE_FAMILY[sdk=iphonesimulator*]" = "1,4";
			};
			name = Debug;
		};
		66AE12771A1F59EF00613EA6 /* Release */ = {
			isa = XCBuildConfiguration;
			buildSettings = {
				ASSETCATALOG_COMPILER_APPICON_NAME = AppIcon;
				ASSETCATALOG_COMPILER_LAUNCHIMAGE_NAME = LaunchImage;
				IBSC_MODULE = Raketto_WatchKit_Extension;
				INFOPLIST_FILE = "Raketto Watch App/Info.plist";
				IPHONEOS_DEPLOYMENT_TARGET = 8.0;
				PRODUCT_NAME = "$(TARGET_NAME)";
				SKIP_INSTALL = YES;
				TARGETED_DEVICE_FAMILY = 4;
				"TARGETED_DEVICE_FAMILY[sdk=iphonesimulator*]" = "1,4";
			};
			name = Release;
		};
		66AE12791A1F59EF00613EA6 /* Debug */ = {
			isa = XCBuildConfiguration;
			buildSettings = {
				CODE_SIGN_ENTITLEMENTS = "GameOn WatchKit Extension.entitlements";
				CODE_SIGN_IDENTITY = "iPhone Developer";
				"CODE_SIGN_IDENTITY[sdk=iphoneos*]" = "iPhone Developer";
				GCC_PREPROCESSOR_DEFINITIONS = (
					"DEBUG=1",
					"$(inherited)",
				);
				INFOPLIST_FILE = "Raketto WatchKit Extension/Info.plist";
				LD_RUNPATH_SEARCH_PATHS = "$(inherited) @executable_path/Frameworks @executable_path/../../Frameworks";
				PRODUCT_NAME = "${TARGET_NAME}";
				PROVISIONING_PROFILE = "";
				SKIP_INSTALL = YES;
			};
			name = Debug;
		};
		66AE127A1A1F59EF00613EA6 /* Release */ = {
			isa = XCBuildConfiguration;
			buildSettings = {
				CODE_SIGN_ENTITLEMENTS = "GameOn WatchKit Extension.entitlements";
				CODE_SIGN_IDENTITY = "iPhone Developer";
				"CODE_SIGN_IDENTITY[sdk=iphoneos*]" = "iPhone Developer";
				INFOPLIST_FILE = "Raketto WatchKit Extension/Info.plist";
				LD_RUNPATH_SEARCH_PATHS = "$(inherited) @executable_path/Frameworks @executable_path/../../Frameworks";
				PRODUCT_NAME = "${TARGET_NAME}";
				PROVISIONING_PROFILE = "";
				SKIP_INSTALL = YES;
			};
			name = Release;
		};
/* End XCBuildConfiguration section */

/* Begin XCConfigurationList section */
		66AE12201A1F59DD00613EA6 /* Build configuration list for PBXProject "Raketto" */ = {
			isa = XCConfigurationList;
			buildConfigurations = (
				66AE12491A1F59DD00613EA6 /* Debug */,
				66AE124A1A1F59DD00613EA6 /* Release */,
			);
			defaultConfigurationIsVisible = 0;
			defaultConfigurationName = Release;
		};
		66AE124B1A1F59DD00613EA6 /* Build configuration list for PBXNativeTarget "GameOn" */ = {
			isa = XCConfigurationList;
			buildConfigurations = (
				66AE124C1A1F59DD00613EA6 /* Debug */,
				66AE124D1A1F59DD00613EA6 /* Release */,
			);
			defaultConfigurationIsVisible = 0;
			defaultConfigurationName = Release;
		};
		66AE124E1A1F59DD00613EA6 /* Build configuration list for PBXNativeTarget "RakettoTests" */ = {
			isa = XCConfigurationList;
			buildConfigurations = (
				66AE124F1A1F59DD00613EA6 /* Debug */,
				66AE12501A1F59DD00613EA6 /* Release */,
			);
			defaultConfigurationIsVisible = 0;
			defaultConfigurationName = Release;
		};
		66AE12751A1F59EF00613EA6 /* Build configuration list for PBXNativeTarget "GameOn Watch App" */ = {
			isa = XCConfigurationList;
			buildConfigurations = (
				66AE12761A1F59EF00613EA6 /* Debug */,
				66AE12771A1F59EF00613EA6 /* Release */,
			);
			defaultConfigurationIsVisible = 0;
			defaultConfigurationName = Release;
		};
		66AE12781A1F59EF00613EA6 /* Build configuration list for PBXNativeTarget "GameOn WatchKit Extension" */ = {
			isa = XCConfigurationList;
			buildConfigurations = (
				66AE12791A1F59EF00613EA6 /* Debug */,
				66AE127A1A1F59EF00613EA6 /* Release */,
			);
			defaultConfigurationIsVisible = 0;
			defaultConfigurationName = Release;
		};
/* End XCConfigurationList section */
	};
	rootObject = 66AE121D1A1F59DD00613EA6 /* Project object */;
}
